
Microsoft Visual Studio Solution File, Format Version 10.00
# Visual C++ Express 2008
Project("{8BC9CEB8-8B4A-11D0-8D11-00A0C91BC942}") = "libfguid", "libfguid\libfguid.vcproj", "{952928EA-9FD0-4027-8B6C-C0DD0CAB8679}"
	ProjectSection(ProjectDependencies) = postProject
		{39FA0766-147F-496D-BF9B-6417B082D0A3} = {39FA0766-147F-496D-BF9B-6417B082D0A3}
		{36266558-6621-44E0-BA71-81FFCC3DA92D} = {36266558-6621-44E0-BA71-81FFCC3DA92D}
	EndProjectSection
EndProject
Project("{8BC9CEB8-8B4A-11D0-8D11-00A0C91BC942}") = "libftxr", "libftxr\libftxr.vcproj", "{05720380-1D32-479F-B056-48A930A039E1}"
	ProjectSection(ProjectDependencies) = postProject
		{39FA0766-147F-496D-BF9B-6417B082D0A3} = {39FA0766-147F-496D-BF9B-6417B082D0A3}
		{36266558-6621-44E0-BA71-81FFCC3DA92D} = {36266558-6621-44E0-BA71-81FFCC3DA92D}
		{476998EC-7E47-4561-A5AC-8AD5FCBF28B9} = {476998EC-7E47-4561-A5AC-8AD5FCBF28B9}
		{ED699ACD-7C1D-4080-9F48-2B7DE55BF20E} = {ED699ACD-7C1D-4080-9F48-2B7DE55BF20E}
		{7256A6ED-C17B-453C-838A-766C4DA2FB91} = {7256A6ED-C17B-453C-838A-766C4DA2FB91}
		{952928EA-9FD0-4027-8B6C-C0DD0CAB8679} = {952928EA-9FD0-4027-8B6C-C0DD0CAB8679}
		{281B3B19-4FA0-4B1A-BC07-A7BFF32046CC} = {281B3B19-4FA0-4B1A-BC07-A7BFF32046CC}
	EndProjectSection
EndProject
Project("{8BC9CEB8-8B4A-11D0-8D11-00A0C91BC942}") = "libfdatetime", "libfdatetime\libfdatetime.vcproj", "{7256A6ED-C17B-453C-838A-766C4DA2FB91}"
	ProjectSection(ProjectDependencies) = postProject
		{39FA0766-147F-496D-BF9B-6417B082D0A3} = {39FA0766-147F-496D-BF9B-6417B082D0A3}
		{36266558-6621-44E0-BA71-81FFCC3DA92D} = {36266558-6621-44E0-BA71-81FFCC3DA92D}
	EndProjectSection
EndProject
Project("{8BC9CEB8-8B4A-11D0-8D11-00A0C91BC942}") = "libfusn", "libfusn\libfusn.vcproj", "{281B3B19-4FA0-4B1A-BC07-A7BFF32046CC}"
	ProjectSection(ProjectDependencies) = postProject
		{39FA0766-147F-496D-BF9B-6417B082D0A3} = {39FA0766-147F-496D-BF9B-6417B082D0A3}
		{36266558-6621-44E0-BA71-81FFCC3DA92D} = {36266558-6621-44E0-BA71-81FFCC3DA92D}
		{476998EC-7E47-4561-A5AC-8AD5FCBF28B9} = {476998EC-7E47-4561-A5AC-8AD5FCBF28B9}
		{ED699ACD-7C1D-4080-9F48-2B7DE55BF20E} = {ED699ACD-7C1D-4080-9F48-2B7DE55BF20E}
		{7256A6ED-C17B-453C-838A-766C4DA2FB91} = {7256A6ED-C17B-453C-838A-766C4DA2FB91}
	EndProjectSection
EndProject
Project("{8BC9CEB8-8B4A-11D0-8D11-00A0C91BC942}") = "libcstring", "libcstring\libcstring.vcproj", "{39FA0766-147F-496D-BF9B-6417B082D0A3}"
EndProject
Project("{8BC9CEB8-8B4A-11D0-8D11-00A0C91BC942}") = "libuna", "libuna\libuna.vcproj", "{ED699ACD-7C1D-4080-9F48-2B7DE55BF20E}"
	ProjectSection(ProjectDependencies) = postProject
		{39FA0766-147F-496D-BF9B-6417B082D0A3} = {39FA0766-147F-496D-BF9B-6417B082D0A3}
		{36266558-6621-44E0-BA71-81FFCC3DA92D} = {36266558-6621-44E0-BA71-81FFCC3DA92D}
	EndProjectSection
EndProject
Project("{8BC9CEB8-8B4A-11D0-8D11-00A0C91BC942}") = "libcerror", "libcerror\libcerror.vcproj", "{36266558-6621-44E0-BA71-81FFCC3DA92D}"
	ProjectSection(ProjectDependencies) = postProject
		{39FA0766-147F-496D-BF9B-6417B082D0A3} = {39FA0766-147F-496D-BF9B-6417B082D0A3}
	EndProjectSection
EndProject
Project("{8BC9CEB8-8B4A-11D0-8D11-00A0C91BC942}") = "libcnotify", "libcnotify\libcnotify.vcproj", "{476998EC-7E47-4561-A5AC-8AD5FCBF28B9}"
	ProjectSection(ProjectDependencies) = postProject
		{39FA0766-147F-496D-BF9B-6417B082D0A3} = {39FA0766-147F-496D-BF9B-6417B082D0A3}
		{36266558-6621-44E0-BA71-81FFCC3DA92D} = {36266558-6621-44E0-BA71-81FFCC3DA92D}
	EndProjectSection
EndProject
Global
	GlobalSection(SolutionConfigurationPlatforms) = preSolution
		Release|Win32 = Release|Win32
		VSDebug|Win32 = VSDebug|Win32
	EndGlobalSection
	GlobalSection(ProjectConfigurationPlatforms) = postSolution
		{952928EA-9FD0-4027-8B6C-C0DD0CAB8679}.Release|Win32.ActiveCfg = Release|Win32
		{952928EA-9FD0-4027-8B6C-C0DD0CAB8679}.Release|Win32.Build.0 = Release|Win32
		{952928EA-9FD0-4027-8B6C-C0DD0CAB8679}.VSDebug|Win32.ActiveCfg = VSDebug|Win32
		{952928EA-9FD0-4027-8B6C-C0DD0CAB8679}.VSDebug|Win32.Build.0 = VSDebug|Win32
		{05720380-1D32-479F-B056-48A930A039E1}.Release|Win32.ActiveCfg = Release|Win32
		{05720380-1D32-479F-B056-48A930A039E1}.Release|Win32.Build.0 = Release|Win32
		{05720380-1D32-479F-B056-48A930A039E1}.VSDebug|Win32.ActiveCfg = VSDebug|Win32
		{05720380-1D32-479F-B056-48A930A039E1}.VSDebug|Win32.Build.0 = VSDebug|Win32
		{7256A6ED-C17B-453C-838A-766C4DA2FB91}.Release|Win32.ActiveCfg = Release|Win32
		{7256A6ED-C17B-453C-838A-766C4DA2FB91}.Release|Win32.Build.0 = Release|Win32
		{7256A6ED-C17B-453C-838A-766C4DA2FB91}.VSDebug|Win32.ActiveCfg = VSDebug|Win32
		{7256A6ED-C17B-453C-838A-766C4DA2FB91}.VSDebug|Win32.Build.0 = VSDebug|Win32
		{281B3B19-4FA0-4B1A-BC07-A7BFF32046CC}.Release|Win32.ActiveCfg = Release|Win32
		{281B3B19-4FA0-4B1A-BC07-A7BFF32046CC}.Release|Win32.Build.0 = Release|Win32
		{281B3B19-4FA0-4B1A-BC07-A7BFF32046CC}.VSDebug|Win32.ActiveCfg = VSDebug|Win32
		{281B3B19-4FA0-4B1A-BC07-A7BFF32046CC}.VSDebug|Win32.Build.0 = VSDebug|Win32
		{39FA0766-147F-496D-BF9B-6417B082D0A3}.Release|Win32.ActiveCfg = Release|Win32
		{39FA0766-147F-496D-BF9B-6417B082D0A3}.Release|Win32.Build.0 = Release|Win32
		{39FA0766-147F-496D-BF9B-6417B082D0A3}.VSDebug|Win32.ActiveCfg = VSDebug|Win32
		{39FA0766-147F-496D-BF9B-6417B082D0A3}.VSDebug|Win32.Build.0 = VSDebug|Win32
		{ED699ACD-7C1D-4080-9F48-2B7DE55BF20E}.Release|Win32.ActiveCfg = Release|Win32
		{ED699ACD-7C1D-4080-9F48-2B7DE55BF20E}.Release|Win32.Build.0 = Release|Win32
		{ED699ACD-7C1D-4080-9F48-2B7DE55BF20E}.VSDebug|Win32.ActiveCfg = VSDebug|Win32
		{ED699ACD-7C1D-4080-9F48-2B7DE55BF20E}.VSDebug|Win32.Build.0 = VSDebug|Win32
		{36266558-6621-44E0-BA71-81FFCC3DA92D}.Release|Win32.ActiveCfg = Release|Win32
		{36266558-6621-44E0-BA71-81FFCC3DA92D}.Release|Win32.Build.0 = Release|Win32
		{36266558-6621-44E0-BA71-81FFCC3DA92D}.VSDebug|Win32.ActiveCfg = VSDebug|Win32
		{36266558-6621-44E0-BA71-81FFCC3DA92D}.VSDebug|Win32.Build.0 = VSDebug|Win32
		{476998EC-7E47-4561-A5AC-8AD5FCBF28B9}.Release|Win32.ActiveCfg = Release|Win32
		{476998EC-7E47-4561-A5AC-8AD5FCBF28B9}.Release|Win32.Build.0 = Release|Win32
		{476998EC-7E47-4561-A5AC-8AD5FCBF28B9}.VSDebug|Win32.ActiveCfg = VSDebug|Win32
		{476998EC-7E47-4561-A5AC-8AD5FCBF28B9}.VSDebug|Win32.Build.0 = VSDebug|Win32
	EndGlobalSection
	GlobalSection(SolutionProperties) = preSolution
		HideSolutionNode = FALSE
	EndGlobalSection
EndGlobal
